# This file is automatically @generated by Poetry 2.3.2 and should not be changed by hand.

[[package]]
name = "ruamel-yaml"
version = "0.18.17"
description = "ruamel.yaml is a YAML parser/emitter that supports roundtrip preservation of comments, seq/map flow style, and map key order"
optional = false
python-versions = ">=3.9"
groups = ["main"]
files = [
    {file = "ruamel_yaml-0.18.17-py3-none-any.whl", hash = "sha256:9c8ba9eb3e793efdf924b60d521820869d5bf0cb9c6f1b82d82de8295e290b9d"},
    {file = "ruamel_yaml-0.18.17.tar.gz", hash = "sha256:9091cd6e2d93a3a4b157ddb8fabf348c3de7f1fb1381346d985b6b247dcd8d3c"},
]

[package.dependencies]
"ruamel.yaml.clib" = {version = ">=0.2.15", markers = "platform_python_implementation == \"CPython\" and python_version < \"3.15\""}

[package.extras]
docs = ["mercurial (>5.7)", "ryd"]
jinja2 = ["ruamel.yaml.jinja2 (>=0.2)"]

[[package]]
name = "ruamel-yaml-clib"
version = "0.2.15"
description = "C version of reader, parser and emitter for ruamel.yaml derived from libyaml"
optional = false
python-versions = ">=3.9"
groups = ["main"]
markers = "platform_python_implementation == \"CPython\""
files = [
    {file = "ruamel_yaml_clib-0.2.15-cp310-cp310-macosx_10_9_x86_64.whl", hash = "sha256:88eea8baf72f0ccf232c22124d122a7f26e8a24110a0273d9bcddcb0f7e1fa03"},
    {file = "ruamel_yaml_clib-0.2.15-cp310-cp310-macosx_11_0_arm64.whl", hash = "sha256:9b6f7d74d094d1f3a4e157278da97752f16ee230080ae331fcc219056ca54f77"},
    {file = "ruamel_yaml_clib-0.2.15-cp310-cp310-manylinux1_i686.manylinux_2_28_i686.manylinux_2_5_i686.whl", hash = "sha256:4be366220090d7c3424ac2b71c90d1044ea34fca8c0b88f250064fd06087e614"},
    {file = "ruamel_yaml_clib-0.2.15-cp310-cp310-manylinux2014_aarch64.manylinux_2_17_aarch64.manylinux_2_28_aarch64.whl", hash = "sha256:1f66f600833af58bea694d5892453f2270695b92200280ee8c625ec5a477eed3"},
    {file = "ruamel_yaml_clib-0.2.15-cp310-cp310-manylinux2014_x86_64.manylinux_2_17_x86_64.manylinux_2_28_x86_64.whl", hash = "sha256:da3d6adadcf55a93c214d23941aef4abfd45652110aed6580e814152f385b862"},
    {file = "ruamel_yaml_clib-0.2.15-cp310-cp310-musllinux_1_2_aarch64.whl", hash = "sha256:e9fde97ecb7bb9c41261c2ce0da10323e9227555c674989f8d9eb7572fc2098d"},
    {file = "ruamel_yaml_clib-0.2.15-cp310-cp310-musllinux_1_2_i686.whl", hash = "sha256:05c70f7f86be6f7bee53794d80050a28ae7e13e4a0087c1839dcdefd68eb36b6"},
    {file = "ruamel_yaml_clib-0.2.15-cp310-cp310-musllinux_1_2_x86_64.whl", hash = "sha256:6f1d38cbe622039d111b69e9ca945e7e3efebb30ba998867908773183357f3ed"},
    {file = "ruamel_yaml_clib-0.2.15-cp310-cp310-win32.whl", hash = "sha256:fe239bdfdae2302e93bd6e8264bd9b71290218fff7084a9db250b55caaccf43f"},
    {file = "ruamel_yaml_clib-0.2.15-cp310-cp310-win_amd64.whl", hash = "sha256:468858e5cbde0198337e6a2a78eda8c3fb148bdf4c6498eaf4bc9ba3f8e780bd"},
    {file = "ruamel_yaml_clib-0.2.15-cp311-cp311-macosx_10_9_x86_64.whl", hash = "sha256:c583229f336682b7212a43d2fa32c30e643d3076178fb9f7a6a14dde85a2d8bd"},
    {file = "ruamel_yaml_clib-0.2.15-cp311-cp311-macosx_11_0_arm64.whl", hash = "sha256:56ea19c157ed8c74b6be51b5fa1c3aff6e289a041575f0556f66e5fb848bb137"},
    {file = "ruamel_yaml_clib-0.2.15-cp311-cp311-manylinux1_i686.manylinux_2_28_i686.manylinux_2_5_i686.whl", hash = "sha256:5fea0932358e18293407feb921d4f4457db837b67ec1837f87074667449f9401"},
    {file = "ruamel_yaml_clib-0.2.15-cp311-cp311-manylinux2014_aarch64.manylinux_2_17_aarch64.manylinux_2_28_aarch64.whl", hash = "sha256:ef71831bd61fbdb7aa0399d5c4da06bea37107ab5c79ff884cc07f2450910262"},
    {file = "ruamel_yaml_clib-0.2.15-cp311-cp311-manylinux2014_x86_64.manylinux_2_17_x86_64.manylinux_2_28_x86_64.whl", hash = "sha256:617d35dc765715fa86f8c3ccdae1e4229055832c452d4ec20856136acc75053f"},
    {file = "ruamel_yaml_clib-0.2.15-cp311-cp311-musllinux_1_2_aarch64.whl", hash = "sha256:1b45498cc81a4724a2d42273d6cfc243c0547ad7c6b87b4f774cb7bcc131c98d"},
    {file = "ruamel_yaml_clib-0.2.15-cp311-cp311-musllinux_1_2_i686.whl", hash = "sha256:def5663361f6771b18646620fca12968aae730132e104688766cf8a3b1d65922"},
    {file = "ruamel_yaml_clib-0.2.15-cp311-cp311-musllinux_1_2_x86_64.whl", hash = "sha256:014181cdec565c8745b7cbc4de3bf2cc8ced05183d986e6d1200168e5bb59490"},
    {file = "ruamel_yaml_clib-0.2.15-cp311-cp311-win32.whl", hash = "sha256:d290eda8f6ada19e1771b54e5706b8f9807e6bb08e873900d5ba114ced13e02c"},
    {file = "ruamel_yaml_clib-0.2.15-cp311-cp311-win_amd64.whl", hash = "sha256:bdc06ad71173b915167702f55d0f3f027fc61abd975bd308a0968c02db4a4c3e"},
    {file = "ruamel_yaml_clib-0.2.15-cp312-cp312-macosx_10_13_x86_64.whl", hash = "sha256:cb15a2e2a90c8475df45c0949793af1ff413acfb0a716b8b94e488ea95ce7cff"},
    {file = "ruamel_yaml_clib-0.2.15-cp312-cp312-macosx_11_0_arm64.whl", hash = "sha256:64da03cbe93c1e91af133f5bec37fd24d0d4ba2418eaf970d7166b0a26a148a2"},
    {file = "ruamel_yaml_clib-0.2.15-cp312-cp312-manylinux1_i686.manylinux_2_28_i686.manylinux_2_5_i686.whl", hash = "sha256:f6d3655e95a80325b84c4e14c080b2470fe4f33b6846f288379ce36154993fb1"},
    {file = "ruamel_yaml_clib-0.2.15-cp312-cp312-manylinux2014_aarch64.manylinux_2_17_aarch64.manylinux_2_28_aarch64.whl", hash = "sha256:71845d377c7a47afc6592aacfea738cc8a7e876d586dfba814501d8c53c1ba60"},
    {file = "ruamel_yaml_clib-0.2.15-cp312-cp312-manylinux2014_x86_64.manylinux_2_17_x86_64.manylinux_2_28_x86_64.whl", hash = "sha256:11e5499db1ccbc7f4b41f0565e4f799d863ea720e01d3e99fa0b7b5fcd7802c9"},
    {file = "ruamel_yaml_clib-0.2.15-cp312-cp312-musllinux_1_2_aarch64.whl", hash = "sha256:4b293a37dc97e2b1e8a1aec62792d1e52027087c8eea4fc7b5abd2bdafdd6642"},
    {file = "ruamel_yaml_clib-0.2.15-cp312-cp312-musllinux_1_2_i686.whl", hash = "sha256:512571ad41bba04eac7268fe33f7f4742210ca26a81fe0c75357fa682636c690"},
    {file = "ruamel_yaml_clib-0.2.15-cp312-cp312-musllinux_1_2_x86_64.whl", hash = "sha256:e5e9f630c73a490b758bf14d859a39f375e6999aea5ddd2e2e9da89b9953486a"},
    {file = "ruamel_yaml_clib-0.2.15-cp312-cp312-win32.whl", hash = "sha256:f4421ab780c37210a07d138e56dd4b51f8642187cdfb433eb687fe8c11de0144"},
    {file = "ruamel_yaml_clib-0.2.15-cp312-cp312-win_amd64.whl", hash = "sha256:2b216904750889133d9222b7b873c199d48ecbb12912aca78970f84a5aa1a4bc"},
    {file = "ruamel_yaml_clib-0.2.15-cp313-cp313-macosx_10_13_x86_64.whl", hash = "sha256:4dcec721fddbb62e60c2801ba08c87010bd6b700054a09998c4d09c08147b8fb"},
    {file = "ruamel_yaml_clib-0.2.15-cp313-cp313-macosx_11_0_arm64.whl", hash = "sha256:65f48245279f9bb301d1276f9679b82e4c080a1ae25e679f682ac62446fac471"},
    {file = "ruamel_yaml_clib-0.2.15-cp313-cp313-manylinux1_i686.manylinux_2_28_i686.manylinux_2_5_i686.whl", hash = "sha256:46895c17ead5e22bea5e576f1db7e41cb273e8d062c04a6a49013d9f60996c25"},
    {file = "ruamel_yaml_clib-0.2.15-cp313-cp313-manylinux2014_aarch64.manylinux_2_17_aarch64.manylinux_2_28_aarch64.whl", hash = "sha256:3eb199178b08956e5be6288ee0b05b2fb0b5c1f309725ad25d9c6ea7e27f962a"},
    {file = "ruamel_yaml_clib-0.2.15-cp313-cp313-manylinux2014_x86_64.manylinux_2_17_x86_64.manylinux_2_28_x86_64.whl", hash = "sha256:4d1032919280ebc04a80e4fb1e93f7a738129857eaec9448310e638c8bccefcf"},
    {file = "ruamel_yaml_clib-0.2.15-cp313-cp313-musllinux_1_2_aarch64.whl", hash = "sha256:ab0df0648d86a7ecbd9c632e8f8d6b21bb21b5fc9d9e095c796cacf32a728d2d"},
    {file = "ruamel_yaml_clib-0.2.15-cp313-cp313-musllinux_1_2_i686.whl", hash = "sha256:331fb180858dd8534f0e61aa243b944f25e73a4dae9962bd44c46d1761126bbf"},
    {file = "ruamel_yaml_clib-0.2.15-cp313-cp313-musllinux_1_2_x86_64.whl", hash = "sha256:fd4c928ddf6bce586285daa6d90680b9c291cfd045fc40aad34e445d57b1bf51"},
    {file = "ruamel_yaml_clib-0.2.15-cp313-cp313-win32.whl", hash = "sha256:bf0846d629e160223805db9fe8cc7aec16aaa11a07310c50c8c7164efa440aec"},
    {file = "ruamel_yaml_clib-0.2.15-cp313-cp313-win_amd64.whl", hash = "sha256:45702dfbea1420ba3450bb3dd9a80b33f0badd57539c6aac09f42584303e0db6"},
    {file = "ruamel_yaml_clib-0.2.15-cp314-cp314-macosx_10_15_x86_64.whl", hash = "sha256:753faf20b3a5906faf1fc50e4ddb8c074cb9b251e00b14c18b28492f933ac8ef"},
    {file = "ruamel_yaml_clib-0.2.15-cp314-cp314-macosx_11_0_arm64.whl", hash = "sha256:480894aee0b29752560a9de46c0e5f84a82602f2bc5c6cde8db9a345319acfdf"},
    {file = "ruamel_yaml_clib-0.2.15-cp314-cp314-manylinux1_i686.manylinux_2_28_i686.manylinux_2_5_i686.whl", hash = "sha256:4d3b58ab2454b4747442ac76fab66739c72b1e2bb9bd173d7694b9f9dbc9c000"},
    {file = "ruamel_yaml_clib-0.2.15-cp314-cp314-manylinux2014_aarch64.manylinux_2_17_aarch64.manylinux_2_28_aarch64.whl", hash = "sha256:bfd309b316228acecfa30670c3887dcedf9b7a44ea39e2101e75d2654522acd4"},
    {file = "ruamel_yaml_clib-0.2.15-cp314-cp314-manylinux2014_x86_64.manylinux_2_17_x86_64.manylinux_2_28_x86_64.whl", hash = "sha256:2812ff359ec1f30129b62372e5f22a52936fac13d5d21e70373dbca5d64bb97c"},
    {file = "ruamel_yaml_clib-0.2.15-cp314-cp314-musllinux_1_2_aarch64.whl", hash = "sha256:7e74ea87307303ba91073b63e67f2c667e93f05a8c63079ee5b7a5c8d0d7b043"},
    {file = "ruamel_yaml_clib-0.2.15-cp314-cp314-musllinux_1_2_i686.whl", hash = "sha256:713cd68af9dfbe0bb588e144a61aad8dcc00ef92a82d2e87183ca662d242f524"},
    {file = "ruamel_yaml_clib-0.2.15-cp314-cp314-musllinux_1_2_x86_64.whl", hash = "sha256:542d77b72786a35563f97069b9379ce762944e67055bea293480f7734b2c7e5e"},
    {file = "ruamel_yaml_clib-0.2.15-cp314-cp314-win32.whl", hash = "sha256:424ead8cef3939d690c4b5c85ef5b52155a231ff8b252961b6516ed7cf05f6aa"},
    {file = "ruamel_yaml_clib-0.2.15-cp314-cp314-win_amd64.whl", hash = "sha256:ac9b8d5fa4bb7fd2917ab5027f60d4234345fd366fe39aa711d5dca090aa1467"},
    {file = "ruamel_yaml_clib-0.2.15-cp39-cp39-macosx_10_9_x86_64.whl", hash = "sha256:923816815974425fbb1f1bf57e85eca6e14d8adc313c66db21c094927ad01815"},
    {file = "ruamel_yaml_clib-0.2.15-cp39-cp39-macosx_11_0_arm64.whl", hash = "sha256:dcc7f3162d3711fd5d52e2267e44636e3e566d1e5675a5f0b30e98f2c4af7974"},
    {file = "ruamel_yaml_clib-0.2.15-cp39-cp39-manylinux1_i686.manylinux_2_28_i686.manylinux_2_5_i686.whl", hash = "sha256:5d3c9210219cbc0f22706f19b154c9a798ff65a6beeafbf77fc9c057ec806f7d"},
    {file = "ruamel_yaml_clib-0.2.15-cp39-cp39-manylinux2014_aarch64.manylinux_2_17_aarch64.manylinux_2_28_aarch64.whl", hash = "sha256:1bb7b728fd9f405aa00b4a0b17ba3f3b810d0ccc5f77f7373162e9b5f0ff75d5"},
    {file = "ruamel_yaml_clib-0.2.15-cp39-cp39-manylinux2014_x86_64.manylinux_2_17_x86_64.manylinux_2_28_x86_64.whl", hash = "sha256:3cb75a3c14f1d6c3c2a94631e362802f70e83e20d1f2b2ef3026c05b415c4900"},
    {file = "ruamel_yaml_clib-0.2.15-cp39-cp39-musllinux_1_2_aarch64.whl", hash = "sha256:badd1d7283f3e5894779a6ea8944cc765138b96804496c91812b2829f70e18a7"},
    {file = "ruamel_yaml_clib-0.2.15-cp39-cp39-musllinux_1_2_i686.whl", hash = "sha256:0ba6604bbc3dfcef844631932d06a1a4dcac3fee904efccf582261948431628a"},
    {file = "ruamel_yaml_clib-0.2.15-cp39-cp39-musllinux_1_2_x86_64.whl", hash = "sha256:a8220fd4c6f98485e97aea65e1df76d4fed1678ede1fe1d0eed2957230d287c4"},
    {file = "ruamel_yaml_clib-0.2.15-cp39-cp39-win32.whl", hash = "sha256:04d21dc9c57d9608225da28285900762befbb0165ae48482c15d8d4989d4af14"},
    {file = "ruamel_yaml_clib-0.2.15-cp39-cp39-win_amd64.whl", hash = "sha256:27dc656e84396e6d687f97c6e65fb284d100483628f02d95464fd731743a4afe"},
    {file = "ruamel_yaml_clib-0.2.15.tar.gz", hash = "sha256:46e4cc8c43ef6a94885f72512094e482114a8a706d3c555a34ed4b0d20200600"},
]

[metadata]
lock-version = "2.1"
python-versions = ">=3.11,<3.15"
content-hash = "2b9f20e0ad95b1d9754047541a051eabd6e17d4608e91260234b4292dd175884"
