# This file is automatically @generated by Poetry 1.8.4 and should not be changed by hand.

[[package]]
name = "gitdb"
version = "4.0.12"
description = "Git Object Database"
optional = false
python-versions = ">=3.7"
files = [
    {file = "gitdb-4.0.12-py3-none-any.whl", hash = "sha256:67073e15955400952c6565cc3e707c554a4eea2e428946f7a4c162fab9bd9bcf"},
    {file = "gitdb-4.0.12.tar.gz", hash = "sha256:5ef71f855d191a3326fcfbc0d5da835f26b13fbcba60c32c21091c349ffdb571"},
]

[package.dependencies]
smmap = ">=3.0.1,<6"

[[package]]
name = "gitpython"
version = "3.1.46"
description = "GitPython is a Python library used to interact with Git repositories"
optional = false
python-versions = ">=3.7"
files = [
    {file = "gitpython-3.1.46-py3-none-any.whl", hash = "sha256:79812ed143d9d25b6d176a10bb511de0f9c67b1fa641d82097b0ab90398a2058"},
    {file = "gitpython-3.1.46.tar.gz", hash = "sha256:400124c7d0ef4ea03f7310ac2fbf7151e09ff97f2a3288d64a440c584a29c37f"},
]

[package.dependencies]
gitdb = ">=4.0.1,<5"

[package.extras]
doc = ["sphinx (>=7.1.2,<7.2)", "sphinx-autodoc-typehints", "sphinx_rtd_theme"]
test = ["coverage[toml]", "ddt (>=1.1.1,!=1.4.3)", "mock", "mypy (==1.18.2)", "pre-commit", "pytest (>=7.3.1)", "pytest-cov", "pytest-instafail", "pytest-mock", "pytest-sugar", "typing-extensions"]

[[package]]
name = "ruamel-yaml"
version = "0.19.1"
description = "ruamel.yaml is a YAML parser/emitter that supports roundtrip preservation of comments, seq/map flow style, and map key order"
optional = false
python-versions = ">=3.9"
files = [
    {file = "ruamel_yaml-0.19.1-py3-none-any.whl", hash = "sha256:27592957fedf6e0b62f281e96effd28043345e0e66001f97683aa9a40c667c93"},
    {file = "ruamel_yaml-0.19.1.tar.gz", hash = "sha256:53eb66cd27849eff968ebf8f0bf61f46cdac2da1d1f3576dd4ccee9b25c31993"},
]

[package.extras]
docs = ["mercurial (>5.7)", "ryd"]
jinja2 = ["ruamel.yaml.jinja2 (>=0.2)"]
libyaml = ["ruamel.yaml.clibz (>=0.3.7)"]
oldlibyaml = ["ruamel.yaml.clib"]

[[package]]
name = "smmap"
version = "5.0.2"
description = "A pure Python implementation of a sliding window memory map manager"
optional = false
python-versions = ">=3.7"
files = [
    {file = "smmap-5.0.2-py3-none-any.whl", hash = "sha256:b30115f0def7d7531d22a0fb6502488d879e75b260a9db4d0819cfb25403af5e"},
    {file = "smmap-5.0.2.tar.gz", hash = "sha256:26ea65a03958fa0c8a1c7e8c7a58fdc77221b8910f6be2131affade476898ad5"},
]

[metadata]
lock-version = "2.0"
python-versions = ">=3.11,<3.12"
content-hash = "6a230c7cba5a74056b9d9ab2703405513cb8222e89f580d4143671a1dfcaad72"
